
Microsoft Visual Studio Solution File, Format Version 12.00
# Visual Studio Version 17
VisualStudioVersion = 17.4.33205.214
MinimumVisualStudioVersion = 10.0.40219.1
Project("{FAE04EC0-301F-11D3-BF4B-00C04F79EFBC}") = "Sports Discussion Page", "Sports Discussion Page\Sports Discussion Page.csproj", "{6842B44A-0B3F-49E3-9C67-190304698B4B}"
EndProject
Global
	GlobalSection(SolutionConfigurationPlatforms) = preSolution
		Debug|Any CPU = Debug|Any CPU
		Release|Any CPU = Release|Any CPU
	EndGlobalSection
	GlobalSection(ProjectConfigurationPlatforms) = postSolution
		{6842B44A-0B3F-49E3-9C67-190304698B4B}.Debug|Any CPU.ActiveCfg = Debug|Any CPU
		{6842B44A-0B3F-49E3-9C67-190304698B4B}.Debug|Any CPU.Build.0 = Debug|Any CPU
		{6842B44A-0B3F-49E3-9C67-190304698B4B}.Release|Any CPU.ActiveCfg = Release|Any CPU
		{6842B44A-0B3F-49E3-9C67-190304698B4B}.Release|Any CPU.Build.0 = Release|Any CPU
	EndGlobalSection
	GlobalSection(SolutionProperties) = preSolution
		HideSolutionNode = FALSE
	EndGlobalSection
	GlobalSection(ExtensibilityGlobals) = postSolution
		SolutionGuid = {79C88120-A3E6-40F8-8F7E-03293C443980}
	EndGlobalSection
EndGlobal
